github.com/tinywasm/fmt v0.25.7 h1:Rju5B7LfrGu2QOA0L5IN0Cb9NwH5h8afGbawnF59Mec=
github.com/tinywasm/fmt v0.25.7/go.mod h1:2Y4hlsQxqVsZ5z9vQL5XQbEzLQtQOr1Bhp44nPGfydA=
github.com/tinywasm/input v0.0.2 h1:ZGgXxCAHk7eiRWIU0hqN42xMGPxPlEumZY+YjSzNrTA=
github.com/tinywasm/input v0.0.2/go.mod h1:i4FkLD0sAlVqo+aF/DKqlhHa0wVeQ5WOoIUV/34rtI4=
github.com/tinywasm/json v0.5.23 h1:mhD385PI5oMxhOvXU+0lApfMmiq7e739WUtvs20hneI=
github.com/tinywasm/json v0.5.23/go.mod h1:Fvggb9gLu5IuAFfmLlPTg2oGI++790mqWzQquJSU22s=
github.com/tinywasm/model v0.1.7 h1:uDhFLmF/lr4IqFfFX22Kpw0RvVbMr2SH+P9K5l+Khr8=
github.com/tinywasm/model v0.1.7/go.mod h1:kMRzuf72yzUh2k9CCA9Yn/FEGs4gTjW7FsyCvlo9HwU=
github.com/tinywasm/router v0.1.30 h1:KuXhDkGjYFTpfWC3oXjeFsjaisusd/R15n2r2l2AMiY=
github.com/tinywasm/router v0.1.30/go.mod h1:kvKqXx3SyVyQ9ZjmDNOISkvz4sXrnhttB7EkaZBAuAo=
